
Microsoft Visual Studio Solution File, Format Version 12.00
# Visual Studio Version 16
VisualStudioVersion = 16.0.30204.135
MinimumVisualStudioVersion = 10.0.40219.1
Project("{FAE04EC0-301F-11D3-BF4B-00C04F79EFBC}") = "BIED research suite", "BIED research suite\BIED research suite.csproj", "{DF827FF5-FE01-41E7-A665-95D237578193}"
EndProject
Global
	GlobalSection(SolutionConfigurationPlatforms) = preSolution
		Debug|Any CPU = Debug|Any CPU
		Release|Any CPU = Release|Any CPU
	EndGlobalSection
	GlobalSection(ProjectConfigurationPlatforms) = postSolution
		{DF827FF5-FE01-41E7-A665-95D237578193}.Debug|Any CPU.ActiveCfg = Debug|Any CPU
		{DF827FF5-FE01-41E7-A665-95D237578193}.Debug|Any CPU.Build.0 = Debug|Any CPU
		{DF827FF5-FE01-41E7-A665-95D237578193}.Release|Any CPU.ActiveCfg = Release|Any CPU
		{DF827FF5-FE01-41E7-A665-95D237578193}.Release|Any CPU.Build.0 = Release|Any CPU
	EndGlobalSection
	GlobalSection(SolutionProperties) = preSolution
		HideSolutionNode = FALSE
	EndGlobalSection
	GlobalSection(ExtensibilityGlobals) = postSolution
		SolutionGuid = {81717A73-CC75-4A1F-9BD3-9F2BA58A1A7C}
	EndGlobalSection
EndGlobal
